
Microsoft Visual Studio Solution File, Format Version 12.00
# Visual Studio Version 16
VisualStudioVersion = 16.0.31205.134
MinimumVisualStudioVersion = 10.0.40219.1
Project("{FAE04EC0-301F-11D3-BF4B-00C04F79EFBC}") = "VPNBay.Service", "VPNBay.Service\VPNBay.Service.csproj", "{63AFB144-B531-427B-A905-EDB7A2A4ED76}"
EndProject
Project("{FAE04EC0-301F-11D3-BF4B-00C04F79EFBC}") = "VPNBay.Tests", "VPNBay.Tests\VPNBay.Tests.csproj", "{D5E6C34B-B5D3-4A8E-863B-68F8F48F92BF}"
EndProject
Global
	GlobalSection(SolutionConfigurationPlatforms) = preSolution
		Debug|Any CPU = Debug|Any CPU
		Release|Any CPU = Release|Any CPU
	EndGlobalSection
	GlobalSection(ProjectConfigurationPlatforms) = postSolution
		{63AFB144-B531-427B-A905-EDB7A2A4ED76}.Debug|Any CPU.ActiveCfg = Debug|Any CPU
		{63AFB144-B531-427B-A905-EDB7A2A4ED76}.Debug|Any CPU.Build.0 = Debug|Any CPU
		{63AFB144-B531-427B-A905-EDB7A2A4ED76}.Release|Any CPU.ActiveCfg = Release|Any CPU
		{63AFB144-B531-427B-A905-EDB7A2A4ED76}.Release|Any CPU.Build.0 = Release|Any CPU
		{D5E6C34B-B5D3-4A8E-863B-68F8F48F92BF}.Debug|Any CPU.ActiveCfg = Debug|Any CPU
		{D5E6C34B-B5D3-4A8E-863B-68F8F48F92BF}.Debug|Any CPU.Build.0 = Debug|Any CPU
		{D5E6C34B-B5D3-4A8E-863B-68F8F48F92BF}.Release|Any CPU.ActiveCfg = Release|Any CPU
		{D5E6C34B-B5D3-4A8E-863B-68F8F48F92BF}.Release|Any CPU.Build.0 = Release|Any CPU
	EndGlobalSection
	GlobalSection(SolutionProperties) = preSolution
		HideSolutionNode = FALSE
	EndGlobalSection
	GlobalSection(ExtensibilityGlobals) = postSolution
		SolutionGuid = {70B6AA30-3E62-43A4-9FA8-3DFAD761EBB4}
	EndGlobalSection
EndGlobal
